
Microsoft Visual Studio Solution File, Format Version 12.00
# Visual Studio 2012
Project("{FAE04EC0-301F-11D3-BF4B-00C04F79EFBC}") = "Blokus", "Blokus\Blokus.csproj", "{02BB5EA7-44D8-4EDE-9F29-A97CDCED39F2}"
EndProject
Project("{FAE04EC0-301F-11D3-BF4B-00C04F79EFBC}") = "BlokusInterface", "BlokusInterface\BlokusInterface.csproj", "{491D7435-2C8D-4E15-B94A-1B34D09913A1}"
EndProject
Project("{FAE04EC0-301F-11D3-BF4B-00C04F79EFBC}") = "BlokusTestPlayer", "BlokusTestPlayer\BlokusTestPlayer.csproj", "{E13758BF-0D9A-4C1C-ADD3-B9B4D46F3375}"
EndProject
Project("{FAE04EC0-301F-11D3-BF4B-00C04F79EFBC}") = "RandomPlayer", "RandomPlayer\RandomPlayer.csproj", "{6A66C7DD-5996-43B7-99DE-00B0FA41382E}"
EndProject
Global
	GlobalSection(SolutionConfigurationPlatforms) = preSolution
		Debug|Any CPU = Debug|Any CPU
		Release|Any CPU = Release|Any CPU
	EndGlobalSection
	GlobalSection(ProjectConfigurationPlatforms) = postSolution
		{02BB5EA7-44D8-4EDE-9F29-A97CDCED39F2}.Debug|Any CPU.ActiveCfg = Debug|Any CPU
		{02BB5EA7-44D8-4EDE-9F29-A97CDCED39F2}.Debug|Any CPU.Build.0 = Debug|Any CPU
		{02BB5EA7-44D8-4EDE-9F29-A97CDCED39F2}.Release|Any CPU.ActiveCfg = Release|Any CPU
		{02BB5EA7-44D8-4EDE-9F29-A97CDCED39F2}.Release|Any CPU.Build.0 = Release|Any CPU
		{491D7435-2C8D-4E15-B94A-1B34D09913A1}.Debug|Any CPU.ActiveCfg = Debug|Any CPU
		{491D7435-2C8D-4E15-B94A-1B34D09913A1}.Debug|Any CPU.Build.0 = Debug|Any CPU
		{491D7435-2C8D-4E15-B94A-1B34D09913A1}.Release|Any CPU.ActiveCfg = Release|Any CPU
		{491D7435-2C8D-4E15-B94A-1B34D09913A1}.Release|Any CPU.Build.0 = Release|Any CPU
		{E13758BF-0D9A-4C1C-ADD3-B9B4D46F3375}.Debug|Any CPU.ActiveCfg = Debug|Any CPU
		{E13758BF-0D9A-4C1C-ADD3-B9B4D46F3375}.Debug|Any CPU.Build.0 = Debug|Any CPU
		{E13758BF-0D9A-4C1C-ADD3-B9B4D46F3375}.Release|Any CPU.ActiveCfg = Release|Any CPU
		{E13758BF-0D9A-4C1C-ADD3-B9B4D46F3375}.Release|Any CPU.Build.0 = Release|Any CPU
		{6A66C7DD-5996-43B7-99DE-00B0FA41382E}.Debug|Any CPU.ActiveCfg = Debug|Any CPU
		{6A66C7DD-5996-43B7-99DE-00B0FA41382E}.Debug|Any CPU.Build.0 = Debug|Any CPU
		{6A66C7DD-5996-43B7-99DE-00B0FA41382E}.Release|Any CPU.ActiveCfg = Release|Any CPU
		{6A66C7DD-5996-43B7-99DE-00B0FA41382E}.Release|Any CPU.Build.0 = Release|Any CPU
	EndGlobalSection
	GlobalSection(SolutionProperties) = preSolution
		HideSolutionNode = FALSE
	EndGlobalSection
EndGlobal
